<Solution>
  <Project Path="FleetFlow.Api/FleetFlow.Api.csproj" />
  <Project Path="FleetFlow.Application/FleetFlow.Application.csproj" />
  <Project Path="FleetFlow.Domain.Tests/FleetFlow.Domain.Tests.csproj" Id="d5c4edf7-7dde-495c-969e-25b3954707da" />
  <Project Path="FleetFlow.Domain/FleetFlow.Domain.csproj" />
  <Project Path="FleetFlow.Infrastructure/FleetFlow.Infrastructure.csproj" />
</Solution>
